
Microsoft Visual Studio Solution File, Format Version 12.00
# Visual Studio Version 16
VisualStudioVersion = 16.0.30907.101
MinimumVisualStudioVersion = 10.0.40219.1
Project("{FAE04EC0-301F-11D3-BF4B-00C04F79EFBC}") = "Teste.Web", "Teste.Web\Teste.Web.csproj", "{A448336C-EA6B-4FEB-B5BB-DBDEE319DFA7}"
EndProject
Global
	GlobalSection(SolutionConfigurationPlatforms) = preSolution
		Debug|Any CPU = Debug|Any CPU
		Release|Any CPU = Release|Any CPU
	EndGlobalSection
	GlobalSection(ProjectConfigurationPlatforms) = postSolution
		{A448336C-EA6B-4FEB-B5BB-DBDEE319DFA7}.Debug|Any CPU.ActiveCfg = Debug|Any CPU
		{A448336C-EA6B-4FEB-B5BB-DBDEE319DFA7}.Debug|Any CPU.Build.0 = Debug|Any CPU
		{A448336C-EA6B-4FEB-B5BB-DBDEE319DFA7}.Release|Any CPU.ActiveCfg = Release|Any CPU
		{A448336C-EA6B-4FEB-B5BB-DBDEE319DFA7}.Release|Any CPU.Build.0 = Release|Any CPU
	EndGlobalSection
	GlobalSection(SolutionProperties) = preSolution
		HideSolutionNode = FALSE
	EndGlobalSection
	GlobalSection(ExtensibilityGlobals) = postSolution
		SolutionGuid = {C87555B0-52D6-4D23-8264-BDC3F34F2617}
	EndGlobalSection
EndGlobal
